
Microsoft Visual Studio Solution File, Format Version 12.00
# Visual Studio Version 17
VisualStudioVersion = 17.8.34330.188
MinimumVisualStudioVersion = 10.0.40219.1
Project("{9A19103F-16F7-4668-BE54-9A1E7A4F7556}") = "MISProject", "MISProject\MISProject.csproj", "{DB7313FA-162D-4D1C-A951-92D7F1647260}"
EndProject
Project("{FAE04EC0-301F-11D3-BF4B-00C04F79EFBC}") = "BaseballAPI", "BaseballAPI\BaseballAPI.csproj", "{D8C1B7D6-E004-4B52-9ED9-7A57435F7E7E}"
EndProject
Global
	GlobalSection(SolutionConfigurationPlatforms) = preSolution
		Debug|Any CPU = Debug|Any CPU
		Release|Any CPU = Release|Any CPU
	EndGlobalSection
	GlobalSection(ProjectConfigurationPlatforms) = postSolution
		{DB7313FA-162D-4D1C-A951-92D7F1647260}.Debug|Any CPU.ActiveCfg = Debug|Any CPU
		{DB7313FA-162D-4D1C-A951-92D7F1647260}.Debug|Any CPU.Build.0 = Debug|Any CPU
		{DB7313FA-162D-4D1C-A951-92D7F1647260}.Release|Any CPU.ActiveCfg = Release|Any CPU
		{DB7313FA-162D-4D1C-A951-92D7F1647260}.Release|Any CPU.Build.0 = Release|Any CPU
		{D8C1B7D6-E004-4B52-9ED9-7A57435F7E7E}.Debug|Any CPU.ActiveCfg = Debug|Any CPU
		{D8C1B7D6-E004-4B52-9ED9-7A57435F7E7E}.Debug|Any CPU.Build.0 = Debug|Any CPU
		{D8C1B7D6-E004-4B52-9ED9-7A57435F7E7E}.Release|Any CPU.ActiveCfg = Release|Any CPU
		{D8C1B7D6-E004-4B52-9ED9-7A57435F7E7E}.Release|Any CPU.Build.0 = Release|Any CPU
	EndGlobalSection
	GlobalSection(SolutionProperties) = preSolution
		HideSolutionNode = FALSE
	EndGlobalSection
	GlobalSection(ExtensibilityGlobals) = postSolution
		SolutionGuid = {DDD6581F-717E-41B1-9517-88A7E6311482}
	EndGlobalSection
EndGlobal
